
Microsoft Visual Studio Solution File, Format Version 12.00
Project("{FAE04EC0-301F-11D3-BF4B-00C04F79EFBC}") = "SpecTech.TelegramParser", "SpecTech.TelegramParser\SpecTech.TelegramParser.csproj", "{15C024B4-FD34-4777-9177-18FEDE0CE523}"
EndProject
Project("{FAE04EC0-301F-11D3-BF4B-00C04F79EFBC}") = "SpecTech.WebAPI", "SpecTech.WebAPI\SpecTech.WebAPI.csproj", "{2ADB5DBE-DE01-4CDA-A8BD-FEF64A49846D}"
EndProject
Project("{FAE04EC0-301F-11D3-BF4B-00C04F79EFBC}") = "SpecTech.Domain", "SpecTech.Domain\SpecTech.Domain.csproj", "{F727F13B-2B0E-44D9-BE50-211E9A4900ED}"
EndProject
Project("{FAE04EC0-301F-11D3-BF4B-00C04F79EFBC}") = "SpecTech.DAL", "SpecTech.DAL\SpecTech.DAL.csproj", "{6B0C3A50-4A3A-49B5-A721-010A700E3333}"
EndProject
Global
	GlobalSection(SolutionConfigurationPlatforms) = preSolution
		Debug|Any CPU = Debug|Any CPU
		Release|Any CPU = Release|Any CPU
	EndGlobalSection
	GlobalSection(ProjectConfigurationPlatforms) = postSolution
		{15C024B4-FD34-4777-9177-18FEDE0CE523}.Debug|Any CPU.ActiveCfg = Debug|Any CPU
		{15C024B4-FD34-4777-9177-18FEDE0CE523}.Debug|Any CPU.Build.0 = Debug|Any CPU
		{15C024B4-FD34-4777-9177-18FEDE0CE523}.Release|Any CPU.ActiveCfg = Release|Any CPU
		{15C024B4-FD34-4777-9177-18FEDE0CE523}.Release|Any CPU.Build.0 = Release|Any CPU
		{2ADB5DBE-DE01-4CDA-A8BD-FEF64A49846D}.Debug|Any CPU.ActiveCfg = Debug|Any CPU
		{2ADB5DBE-DE01-4CDA-A8BD-FEF64A49846D}.Debug|Any CPU.Build.0 = Debug|Any CPU
		{2ADB5DBE-DE01-4CDA-A8BD-FEF64A49846D}.Release|Any CPU.ActiveCfg = Release|Any CPU
		{2ADB5DBE-DE01-4CDA-A8BD-FEF64A49846D}.Release|Any CPU.Build.0 = Release|Any CPU
		{F727F13B-2B0E-44D9-BE50-211E9A4900ED}.Debug|Any CPU.ActiveCfg = Debug|Any CPU
		{F727F13B-2B0E-44D9-BE50-211E9A4900ED}.Debug|Any CPU.Build.0 = Debug|Any CPU
		{F727F13B-2B0E-44D9-BE50-211E9A4900ED}.Release|Any CPU.ActiveCfg = Release|Any CPU
		{F727F13B-2B0E-44D9-BE50-211E9A4900ED}.Release|Any CPU.Build.0 = Release|Any CPU
		{6B0C3A50-4A3A-49B5-A721-010A700E3333}.Debug|Any CPU.ActiveCfg = Debug|Any CPU
		{6B0C3A50-4A3A-49B5-A721-010A700E3333}.Debug|Any CPU.Build.0 = Debug|Any CPU
		{6B0C3A50-4A3A-49B5-A721-010A700E3333}.Release|Any CPU.ActiveCfg = Release|Any CPU
		{6B0C3A50-4A3A-49B5-A721-010A700E3333}.Release|Any CPU.Build.0 = Release|Any CPU
	EndGlobalSection
EndGlobal
